# This file is automatically @generated by Cargo.
# It is not intended for manual editing.
version = 4

[[package]]
name = "spice-analysis"
version = "0.0.0"
dependencies = [
 "spice-core",
 "spice-devices",
 "spice-maths",
 "spice-netlist",
]

[[package]]
name = "spice-cli"
version = "0.0.0"
dependencies = [
 "spice-analysis",
 "spice-core",
 "spice-devices",
 "spice-netlist",
]

[[package]]
name = "spice-core"
version = "0.0.0"

[[package]]
name = "spice-devices"
version = "0.0.0"
dependencies = [
 "spice-core",
 "spice-maths",
 "spice-netlist",
]

[[package]]
name = "spice-maths"
version = "0.0.0"
dependencies = [
 "spice-core",
]

[[package]]
name = "spice-netlist"
version = "0.0.0"
dependencies = [
 "spice-core",
]

[[package]]
name = "xtask"
version = "0.0.0"
dependencies = [
 "spice-analysis",
]
